// !$*UTF8*$!
{
	archiveVersion = 1;
	classes = {
	};
	objectVersion = 46;
	objects = {

/* Begin PBXBuildFile section */
		6BFCB8AD191997570047BFE8 /* Foundation.framework in Frameworks */ = {isa = PBXBuildFile; fileRef = 6BFCB8AC191997570047BFE8 /* Foundation.framework */; };
		6BFCB8AF191997570047BFE8 /* CoreGraphics.framework in Frameworks */ = {isa = PBXBuildFile; fileRef = 6BFCB8AE191997570047BFE8 /* CoreGraphics.framework */; };
		6BFCB8B1191997570047BFE8 /* UIKit.framework in Frameworks */ = {isa = PBXBuildFile; fileRef = 6BFCB8B0191997570047BFE8 /* UIKit.framework */; };
		6BFCB8B3191997570047BFE8 /* SpriteKit.framework in Frameworks */ = {isa = PBXBuildFile; fileRef = 6BFCB8B2191997570047BFE8 /* SpriteKit.framework */; };
		6BFCB8B9191997570047BFE8 /* InfoPlist.strings in Resources */ = {isa = PBXBuildFile; fileRef = 6BFCB8B7191997570047BFE8 /* InfoPlist.strings */; };
		6BFCB8BB191997570047BFE8 /* main.m in Sources */ = {isa = PBXBuildFile; fileRef = 6BFCB8BA191997570047BFE8 /* main.m */; };
		6BFCB8BF191997570047BFE8 /* AppDelegate.m in Sources */ = {isa = PBXBuildFile; fileRef = 6BFCB8BE191997570047BFE8 /* AppDelegate.m */; };
		6BFCB8C2191997570047BFE8 /* Main_iPhone.storyboard in Resources */ = {isa = PBXBuildFile; fileRef = 6BFCB8C0191997570047BFE8 /* Main_iPhone.storyboard */; };
		6BFCB8C5191997570047BFE8 /* Main_iPad.storyboard in Resources */ = {isa = PBXBuildFile; fileRef = 6BFCB8C3191997570047BFE8 /* Main_iPad.storyboard */; };
		6BFCB8C8191997570047BFE8 /* ViewController.m in Sources */ = {isa = PBXBuildFile; fileRef = 6BFCB8C7191997570047BFE8 /* ViewController.m */; };
		6BFCB8CB191997570047BFE8 /* MyScene.m in Sources */ = {isa = PBXBuildFile; fileRef = 6BFCB8CA191997570047BFE8 /* MyScene.m */; };
		6BFCB8CD191997570047BFE8 /* Spaceship.png in Resources */ = {isa = PBXBuildFile; fileRef = 6BFCB8CC191997570047BFE8 /* Spaceship.png */; };
		6BFCB8CF191997570047BFE8 /* Images.xcassets in Resources */ = {isa = PBXBuildFile; fileRef = 6BFCB8CE191997570047BFE8 /* Images.xcassets */; };
		6BFCB8D6191997570047BFE8 /* XCTest.framework in Frameworks */ = {isa = PBXBuildFile; fileRef = 6BFCB8D5191997570047BFE8 /* XCTest.framework */; };
		6BFCB8D7191997570047BFE8 /* Foundation.framework in Frameworks */ = {isa = PBXBuildFile; fileRef = 6BFCB8AC191997570047BFE8 /* Foundation.framework */; };
		6BFCB8D8191997570047BFE8 /* UIKit.framework in Frameworks */ = {isa = PBXBuildFile; fileRef = 6BFCB8B0191997570047BFE8 /* UIKit.framework */; };
		6BFCB8E0191997570047BFE8 /* InfoPlist.strings in Resources */ = {isa = PBXBuildFile; fileRef = 6BFCB8DE191997570047BFE8 /* InfoPlist.strings */; };
		6BFCB8E2191997570047BFE8 /* Rabbit_AttackTests.m in Sources */ = {isa = PBXBuildFile; fileRef = 6BFCB8E1191997570047BFE8 /* Rabbit_AttackTests.m */; };
/* End PBXBuildFile section */

/* Begin PBXContainerItemProxy section */
		6BFCB8D9191997570047BFE8 /* PBXContainerItemProxy */ = {
			isa = PBXContainerItemProxy;
			containerPortal = 6BFCB8A1191997560047BFE8 /* Project object */;
			proxyType = 1;
			remoteGlobalIDString = 6BFCB8A8191997560047BFE8;
			remoteInfo = "Rabbit-Attack";
		};
/* End PBXContainerItemProxy section */

/* Begin PBXFileReference section */
		6BFCB8A9191997570047BFE8 /* Rabbit-Attack.app */ = {isa = PBXFileReference; explicitFileType = wrapper.application; includeInIndex = 0; path = "Rabbit-Attack.app"; sourceTree = BUILT_PRODUCTS_DIR; };
		6BFCB8AC191997570047BFE8 /* Foundation.framework */ = {isa = PBXFileReference; lastKnownFileType = wrapper.framework; name = Foundation.framework; path = System/Library/Frameworks/Foundation.framework; sourceTree = SDKROOT; };
		6BFCB8AE191997570047BFE8 /* CoreGraphics.framework */ = {isa = PBXFileReference; lastKnownFileType = wrapper.framework; name = CoreGraphics.framework; path = System/Library/Frameworks/CoreGraphics.framework; sourceTree = SDKROOT; };
		6BFCB8B0191997570047BFE8 /* UIKit.framework */ = {isa = PBXFileReference; lastKnownFileType = wrapper.framework; name = UIKit.framework; path = System/Library/Frameworks/UIKit.framework; sourceTree = SDKROOT; };
		6BFCB8B2191997570047BFE8 /* SpriteKit.framework */ = {isa = PBXFileReference; lastKnownFileType = wrapper.framework; name = SpriteKit.framework; path = System/Library/Frameworks/SpriteKit.framework; sourceTree = SDKROOT; };
		6BFCB8B6191997570047BFE8 /* Rabbit-Attack-Info.plist */ = {isa = PBXFileReference; lastKnownFileType = text.plist.xml; path = "Rabbit-Attack-Info.plist"; sourceTree = "<group>"; };
		6BFCB8B8191997570047BFE8 /* en */ = {isa = PBXFileReference; lastKnownFileType = text.plist.strings; name = en; path = en.lproj/InfoPlist.strings; sourceTree = "<group>"; };
		6BFCB8BA191997570047BFE8 /* main.m */ = {isa = PBXFileReference; lastKnownFileType = sourcecode.c.objc; path = main.m; sourceTree = "<group>"; };
		6BFCB8BC191997570047BFE8 /* Rabbit-Attack-Prefix.pch */ = {isa = PBXFileReference; lastKnownFileType = sourcecode.c.h; path = "Rabbit-Attack-Prefix.pch"; sourceTree = "<group>"; };
		6BFCB8BD191997570047BFE8 /* AppDelegate.h */ = {isa = PBXFileReference; lastKnownFileType = sourcecode.c.h; path = AppDelegate.h; sourceTree = "<group>"; };
		6BFCB8BE191997570047BFE8 /* AppDelegate.m */ = {isa = PBXFileReference; lastKnownFileType = sourcecode.c.objc; path = AppDelegate.m; sourceTree = "<group>"; };
		6BFCB8C1191997570047BFE8 /* Base */ = {isa = PBXFileReference; lastKnownFileType = file.storyboard; name = Base; path = Base.lproj/Main_iPhone.storyboard; sourceTree = "<group>"; };
		6BFCB8C4191997570047BFE8 /* Base */ = {isa = PBXFileReference; lastKnownFileType = file.storyboard; name = Base; path = Base.lproj/Main_iPad.storyboard; sourceTree = "<group>"; };
		6BFCB8C6191997570047BFE8 /* ViewController.h */ = {isa = PBXFileReference; lastKnownFileType = sourcecode.c.h; path = ViewController.h; sourceTree = "<group>"; };
		6BFCB8C7191997570047BFE8 /* ViewController.m */ = {isa = PBXFileReference; lastKnownFileType = sourcecode.c.objc; path = ViewController.m; sourceTree = "<group>"; };
		6BFCB8C9191997570047BFE8 /* MyScene.h */ = {isa = PBXFileReference; lastKnownFileType = sourcecode.c.h; path = MyScene.h; sourceTree = "<group>"; };
		6BFCB8CA191997570047BFE8 /* MyScene.m */ = {isa = PBXFileReference; lastKnownFileType = sourcecode.c.objc; path = MyScene.m; sourceTree = "<group>"; };
		6BFCB8CC191997570047BFE8 /* Spaceship.png */ = {isa = PBXFileReference; lastKnownFileType = image.png; path = Spaceship.png; sourceTree = "<group>"; };
		6BFCB8CE191997570047BFE8 /* Images.xcassets */ = {isa = PBXFileReference; lastKnownFileType = folder.assetcatalog; path = Images.xcassets; sourceTree = "<group>"; };
		6BFCB8D4191997570047BFE8 /* Rabbit-AttackTests.xctest */ = {isa = PBXFileReference; explicitFileType = wrapper.cfbundle; includeInIndex = 0; path = "Rabbit-AttackTests.xctest"; sourceTree = BUILT_PRODUCTS_DIR; };
		6BFCB8D5191997570047BFE8 /* XCTest.framework */ = {isa = PBXFileReference; lastKnownFileType = wrapper.framework; name = XCTest.framework; path = Library/Frameworks/XCTest.framework; sourceTree = DEVELOPER_DIR; };
		6BFCB8DD191997570047BFE8 /* Rabbit-AttackTests-Info.plist */ = {isa = PBXFileReference; lastKnownFileType = text.plist.xml; path = "Rabbit-AttackTests-Info.plist"; sourceTree = "<group>"; };
		6BFCB8DF191997570047BFE8 /* en */ = {isa = PBXFileReference; lastKnownFileType = text.plist.strings; name = en; path = en.lproj/InfoPlist.strings; sourceTree = "<group>"; };
		6BFCB8E1191997570047BFE8 /* Rabbit_AttackTests.m */ = {isa = PBXFileReference; lastKnownFileType = sourcecode.c.objc; path = Rabbit_AttackTests.m; sourceTree = "<group>"; };
/* End PBXFileReference section */

/* Begin PBXFrameworksBuildPhase section */
		6BFCB8A6191997560047BFE8 /* Frameworks */ = {
			isa = PBXFrameworksBuildPhase;
			buildActionMask = 2147483647;
			files = (
				6BFCB8AF191997570047BFE8 /* CoreGraphics.framework in Frameworks */,
				6BFCB8B1191997570047BFE8 /* UIKit.framework in Frameworks */,
				6BFCB8B3191997570047BFE8 /* SpriteKit.framework in Frameworks */,
				6BFCB8AD191997570047BFE8 /* Foundation.framework in Frameworks */,
			);
			runOnlyForDeploymentPostprocessing = 0;
		};
		6BFCB8D1191997570047BFE8 /* Frameworks */ = {
			isa = PBXFrameworksBuildPhase;
			buildActionMask = 2147483647;
			files = (
				6BFCB8D6191997570047BFE8 /* XCTest.framework in Frameworks */,
				6BFCB8D8191997570047BFE8 /* UIKit.framework in Frameworks */,
				6BFCB8D7191997570047BFE8 /* Foundation.framework in Frameworks */,
			);
			runOnlyForDeploymentPostprocessing = 0;
		};
/* End PBXFrameworksBuildPhase section */

/* Begin PBXGroup section */
		6BFCB8A0191997560047BFE8 = {
			isa = PBXGroup;
			children = (
				6BFCB8B4191997570047BFE8 /* Rabbit-Attack */,
				6BFCB8DB191997570047BFE8 /* Rabbit-AttackTests */,
				6BFCB8AB191997570047BFE8 /* Frameworks */,
				6BFCB8AA191997570047BFE8 /* Products */,
			);
			sourceTree = "<group>";
		};
		6BFCB8AA191997570047BFE8 /* Products */ = {
			isa = PBXGroup;
			children = (
				6BFCB8A9191997570047BFE8 /* Rabbit-Attack.app */,
				6BFCB8D4191997570047BFE8 /* Rabbit-AttackTests.xctest */,
			);
			name = Products;
			sourceTree = "<group>";
		};
		6BFCB8AB191997570047BFE8 /* Frameworks */ = {
			isa = PBXGroup;
			children = (
				6BFCB8AC191997570047BFE8 /* Foundation.framework */,
				6BFCB8AE191997570047BFE8 /* CoreGraphics.framework */,
				6BFCB8B0191997570047BFE8 /* UIKit.framework */,
				6BFCB8B2191997570047BFE8 /* SpriteKit.framework */,
				6BFCB8D5191997570047BFE8 /* XCTest.framework */,
			);
			name = Frameworks;
			sourceTree = "<group>";
		};
		6BFCB8B4191997570047BFE8 /* Rabbit-Attack */ = {
			isa = PBXGroup;
			children = (
				6BFCB8BD191997570047BFE8 /* AppDelegate.h */,
				6BFCB8BE191997570047BFE8 /* AppDelegate.m */,
				6BFCB8C0191997570047BFE8 /* Main_iPhone.storyboard */,
				6BFCB8C3191997570047BFE8 /* Main_iPad.storyboard */,
				6BFCB8C6191997570047BFE8 /* ViewController.h */,
				6BFCB8C7191997570047BFE8 /* ViewController.m */,
				6BFCB8C9191997570047BFE8 /* MyScene.h */,
				6BFCB8CA191997570047BFE8 /* MyScene.m */,
				6BFCB8CC191997570047BFE8 /* Spaceship.png */,
				6BFCB8CE191997570047BFE8 /* Images.xcassets */,
				6BFCB8B5191997570047BFE8 /* Supporting Files */,
			);
			path = "Rabbit-Attack";
			sourceTree = "<group>";
		};
		6BFCB8B5191997570047BFE8 /* Supporting Files */ = {
			isa = PBXGroup;
			children = (
				6BFCB8B6191997570047BFE8 /* Rabbit-Attack-Info.plist */,
				6BFCB8B7191997570047BFE8 /* InfoPlist.strings */,
				6BFCB8BA191997570047BFE8 /* main.m */,
				6BFCB8BC191997570047BFE8 /* Rabbit-Attack-Prefix.pch */,
			);
			name = "Supporting Files";
			sourceTree = "<group>";
		};
		6BFCB8DB191997570047BFE8 /* Rabbit-AttackTests */ = {
			isa = PBXGroup;
			children = (
				6BFCB8E1191997570047BFE8 /* Rabbit_AttackTests.m */,
				6BFCB8DC191997570047BFE8 /* Supporting Files */,
			);
			path = "Rabbit-AttackTests";
			sourceTree = "<group>";
		};
		6BFCB8DC191997570047BFE8 /* Supporting Files */ = {
			isa = PBXGroup;
			children = (
				6BFCB8DD191997570047BFE8 /* Rabbit-AttackTests-Info.plist */,
				6BFCB8DE191997570047BFE8 /* InfoPlist.strings */,
			);
			name = "Supporting Files";
			sourceTree = "<group>";
		};
/* End PBXGroup section */

/* Begin PBXNativeTarget section */
		6BFCB8A8191997560047BFE8 /* Rabbit-Attack */ = {
			isa = PBXNativeTarget;
			buildConfigurationList = 6BFCB8E5191997570047BFE8 /* Build configuration list for PBXNativeTarget "Rabbit-Attack" */;
			buildPhases = (
				6BFCB8A5191997560047BFE8 /* Sources */,
				6BFCB8A6191997560047BFE8 /* Frameworks */,
				6BFCB8A7191997560047BFE8 /* Resources */,
			);
			buildRules = (
			);
			dependencies = (
			);
			name = "Rabbit-Attack";
			productName = "Rabbit-Attack";
			productReference = 6BFCB8A9191997570047BFE8 /* Rabbit-Attack.app */;
			productType = "com.apple.product-type.application";
		};
		6BFCB8D3191997570047BFE8 /* Rabbit-AttackTests */ = {
			isa = PBXNativeTarget;
			buildConfigurationList = 6BFCB8E8191997570047BFE8 /* Build configuration list for PBXNativeTarget "Rabbit-AttackTests" */;
			buildPhases = (
				6BFCB8D0191997570047BFE8 /* Sources */,
				6BFCB8D1191997570047BFE8 /* Frameworks */,
				6BFCB8D2191997570047BFE8 /* Resources */,
			);
			buildRules = (
			);
			dependencies = (
				6BFCB8DA191997570047BFE8 /* PBXTargetDependency */,
			);
			name = "Rabbit-AttackTests";
			productName = "Rabbit-AttackTests";
			productReference = 6BFCB8D4191997570047BFE8 /* Rabbit-AttackTests.xctest */;
			productType = "com.apple.product-type.bundle.unit-test";
		};
/* End PBXNativeTarget section */

/* Begin PBXProject section */
		6BFCB8A1191997560047BFE8 /* Project object */ = {
			isa = PBXProject;
			attributes = {
				LastUpgradeCheck = 0510;
				ORGANIZATIONNAME = "Sava Virtosu";
				TargetAttributes = {
					6BFCB8D3191997570047BFE8 = {
						TestTargetID = 6BFCB8A8191997560047BFE8;
					};
				};
			};
			buildConfigurationList = 6BFCB8A4191997560047BFE8 /* Build configuration list for PBXProject "Rabbit-Attack" */;
			compatibilityVersion = "Xcode 3.2";
			developmentRegion = English;
			hasScannedForEncodings = 0;
			knownRegions = (
				en,
				Base,
			);
			mainGroup = 6BFCB8A0191997560047BFE8;
			productRefGroup = 6BFCB8AA191997570047BFE8 /* Products */;
			projectDirPath = "";
			projectRoot = "";
			targets = (
				6BFCB8A8191997560047BFE8 /* Rabbit-Attack */,
				6BFCB8D3191997570047BFE8 /* Rabbit-AttackTests */,
			);
		};
/* End PBXProject section */

/* Begin PBXResourcesBuildPhase section */
		6BFCB8A7191997560047BFE8 /* Resources */ = {
			isa = PBXResourcesBuildPhase;
			buildActionMask = 2147483647;
			files = (
				6BFCB8CD191997570047BFE8 /* Spaceship.png in Resources */,
				6BFCB8CF191997570047BFE8 /* Images.xcassets in Resources */,
				6BFCB8C5191997570047BFE8 /* Main_iPad.storyboard in Resources */,
				6BFCB8C2191997570047BFE8 /* Main_iPhone.storyboard in Resources */,
				6BFCB8B9191997570047BFE8 /* InfoPlist.strings in Resources */,
			);
			runOnlyForDeploymentPostprocessing = 0;
		};
		6BFCB8D2191997570047BFE8 /* Resources */ = {
			isa = PBXResourcesBuildPhase;
			buildActionMask = 2147483647;
			files = (
				6BFCB8E0191997570047BFE8 /* InfoPlist.strings in Resources */,
			);
			runOnlyForDeploymentPostprocessing = 0;
		};
/* End PBXResourcesBuildPhase section */

/* Begin PBXSourcesBuildPhase section */
		6BFCB8A5191997560047BFE8 /* Sources */ = {
			isa = PBXSourcesBuildPhase;
			buildActionMask = 2147483647;
			files = (
				6BFCB8CB191997570047BFE8 /* MyScene.m in Sources */,
				6BFCB8C8191997570047BFE8 /* ViewController.m in Sources */,
				6BFCB8BF191997570047BFE8 /* AppDelegate.m in Sources */,
				6BFCB8BB191997570047BFE8 /* main.m in Sources */,
			);
			runOnlyForDeploymentPostprocessing = 0;
		};
		6BFCB8D0191997570047BFE8 /* Sources */ = {
			isa = PBXSourcesBuildPhase;
			buildActionMask = 2147483647;
			files = (
				6BFCB8E2191997570047BFE8 /* Rabbit_AttackTests.m in Sources */,
			);
			runOnlyForDeploymentPostprocessing = 0;
		};
/* End PBXSourcesBuildPhase section */

/* Begin PBXTargetDependency section */
		6BFCB8DA191997570047BFE8 /* PBXTargetDependency */ = {
			isa = PBXTargetDependency;
			target = 6BFCB8A8191997560047BFE8 /* Rabbit-Attack */;
			targetProxy = 6BFCB8D9191997570047BFE8 /* PBXContainerItemProxy */;
		};
/* End PBXTargetDependency section */

/* Begin PBXVariantGroup section */
		6BFCB8B7191997570047BFE8 /* InfoPlist.strings */ = {
			isa = PBXVariantGroup;
			children = (
				6BFCB8B8191997570047BFE8 /* en */,
			);
			name = InfoPlist.strings;
			sourceTree = "<group>";
		};
		6BFCB8C0191997570047BFE8 /* Main_iPhone.storyboard */ = {
			isa = PBXVariantGroup;
			children = (
				6BFCB8C1191997570047BFE8 /* Base */,
			);
			name = Main_iPhone.storyboard;
			sourceTree = "<group>";
		};
		6BFCB8C3191997570047BFE8 /* Main_iPad.storyboard */ = {
			isa = PBXVariantGroup;
			children = (
				6BFCB8C4191997570047BFE8 /* Base */,
			);
			name = Main_iPad.storyboard;
			sourceTree = "<group>";
		};
		6BFCB8DE191997570047BFE8 /* InfoPlist.strings */ = {
			isa = PBXVariantGroup;
			children = (
				6BFCB8DF191997570047BFE8 /* en */,
			);
			name = InfoPlist.strings;
			sourceTree = "<group>";
		};
/* End PBXVariantGroup section */

/* Begin XCBuildConfiguration section */
		6BFCB8E3191997570047BFE8 /* Debug */ = {
			isa = XCBuildConfiguration;
			buildSettings = {
				ALWAYS_SEARCH_USER_PATHS = NO;
				CLANG_CXX_LANGUAGE_STANDARD = "gnu++0x";
				CLANG_CXX_LIBRARY = "libc++";
				CLANG_ENABLE_MODULES = YES;
				CLANG_ENABLE_OBJC_ARC = YES;
				CLANG_WARN_BOOL_CONVERSION = YES;
				CLANG_WARN_CONSTANT_CONVERSION = YES;
				CLANG_WARN_DIRECT_OBJC_ISA_USAGE = YES_ERROR;
				CLANG_WARN_EMPTY_BODY = YES;
				CLANG_WARN_ENUM_CONVERSION = YES;
				CLANG_WARN_INT_CONVERSION = YES;
				CLANG_WARN_OBJC_ROOT_CLASS = YES_ERROR;
				CLANG_WARN__DUPLICATE_METHOD_MATCH = YES;
				"CODE_SIGN_IDENTITY[sdk=iphoneos*]" = "iPhone Developer";
				COPY_PHASE_STRIP = NO;
				GCC_C_LANGUAGE_STANDARD = gnu99;
				GCC_DYNAMIC_NO_PIC = NO;
				GCC_OPTIMIZATION_LEVEL = 0;
				GCC_PREPROCESSOR_DEFINITIONS = (
					"DEBUG=1",
					"$(inherited)",
				);
				GCC_SYMBOLS_PRIVATE_EXTERN = NO;
				GCC_WARN_64_TO_32_BIT_CONVERSION = YES;
				GCC_WARN_ABOUT_RETURN_TYPE = YES_ERROR;
				GCC_WARN_UNDECLARED_SELECTOR = YES;
				GCC_WARN_UNINITIALIZED_AUTOS = YES_AGGRESSIVE;
				GCC_WARN_UNUSED_FUNCTION = YES;
				GCC_WARN_UNUSED_VARIABLE = YES;
				IPHONEOS_DEPLOYMENT_TARGET = 7.1;
				ONLY_ACTIVE_ARCH = YES;
				SDKROOT = iphoneos;
				TARGETED_DEVICE_FAMILY = "1,2";
			};
			name = Debug;
		};
		6BFCB8E4191997570047BFE8 /* Release */ = {
			isa = XCBuildConfiguration;
			buildSettings = {
				ALWAYS_SEARCH_USER_PATHS = NO;
				CLANG_CXX_LANGUAGE_STANDARD = "gnu++0x";
				CLANG_CXX_LIBRARY = "libc++";
				CLANG_ENABLE_MODULES = YES;
				CLANG_ENABLE_OBJC_ARC = YES;
				CLANG_WARN_BOOL_CONVERSION = YES;
				CLANG_WARN_CONSTANT_CONVERSION = YES;
				CLANG_WARN_DIRECT_OBJC_ISA_USAGE = YES_ERROR;
				CLANG_WARN_EMPTY_BODY = YES;
				CLANG_WARN_ENUM_CONVERSION = YES;
				CLANG_WARN_INT_CONVERSION = YES;
				CLANG_WARN_OBJC_ROOT_CLASS = YES_ERROR;
				CLANG_WARN__DUPLICATE_METHOD_MATCH = YES;
				"CODE_SIGN_IDENTITY[sdk=iphoneos*]" = "iPhone Developer";
				COPY_PHASE_STRIP = YES;
				ENABLE_NS_ASSERTIONS = NO;
				GCC_C_LANGUAGE_STANDARD = gnu99;
				GCC_WARN_64_TO_32_BIT_CONVERSION = YES;
				GCC_WARN_ABOUT_RETURN_TYPE = YES_ERROR;
				GCC_WARN_UNDECLARED_SELECTOR = YES;
				GCC_WARN_UNINITIALIZED_AUTOS = YES_AGGRESSIVE;
				GCC_WARN_UNUSED_FUNCTION = YES;
				GCC_WARN_UNUSED_VARIABLE = YES;
				IPHONEOS_DEPLOYMENT_TARGET = 7.1;
				SDKROOT = iphoneos;
				TARGETED_DEVICE_FAMILY = "1,2";
				VALIDATE_PRODUCT = YES;
			};
			name = Release;
		};
		6BFCB8E6191997570047BFE8 /* Debug */ = {
			isa = XCBuildConfiguration;
			buildSettings = {
				ASSETCATALOG_COMPILER_APPICON_NAME = AppIcon;
				ASSETCATALOG_COMPILER_LAUNCHIMAGE_NAME = LaunchImage;
				GCC_PRECOMPILE_PREFIX_HEADER = YES;
				GCC_PREFIX_HEADER = "Rabbit-Attack/Rabbit-Attack-Prefix.pch";
				INFOPLIST_FILE = "Rabbit-Attack/Rabbit-Attack-Info.plist";
				PRODUCT_NAME = "$(TARGET_NAME)";
				SPRITEKIT_TEXTURE_ATLAS_OUTPUT = YES;
				WRAPPER_EXTENSION = app;
			};
			name = Debug;
		};
		6BFCB8E7191997570047BFE8 /* Release */ = {
			isa = XCBuildConfiguration;
			buildSettings = {
				ASSETCATALOG_COMPILER_APPICON_NAME = AppIcon;
				ASSETCATALOG_COMPILER_LAUNCHIMAGE_NAME = LaunchImage;
				GCC_PRECOMPILE_PREFIX_HEADER = YES;
				GCC_PREFIX_HEADER = "Rabbit-Attack/Rabbit-Attack-Prefix.pch";
				INFOPLIST_FILE = "Rabbit-Attack/Rabbit-Attack-Info.plist";
				PRODUCT_NAME = "$(TARGET_NAME)";
				SPRITEKIT_TEXTURE_ATLAS_OUTPUT = YES;
				WRAPPER_EXTENSION = app;
			};
			name = Release;
		};
		6BFCB8E9191997570047BFE8 /* Debug */ = {
			isa = XCBuildConfiguration;
			buildSettings = {
				BUNDLE_LOADER = "$(BUILT_PRODUCTS_DIR)/Rabbit-Attack.app/Rabbit-Attack";
				FRAMEWORK_SEARCH_PATHS = (
					"$(SDKROOT)/Developer/Library/Frameworks",
					"$(inherited)",
					"$(DEVELOPER_FRAMEWORKS_DIR)",
				);
				GCC_PRECOMPILE_PREFIX_HEADER = YES;
				GCC_PREFIX_HEADER = "Rabbit-Attack/Rabbit-Attack-Prefix.pch";
				GCC_PREPROCESSOR_DEFINITIONS = (
					"DEBUG=1",
					"$(inherited)",
				);
				INFOPLIST_FILE = "Rabbit-AttackTests/Rabbit-AttackTests-Info.plist";
				PRODUCT_NAME = "$(TARGET_NAME)";
				TEST_HOST = "$(BUNDLE_LOADER)";
				WRAPPER_EXTENSION = xctest;
			};
			name = Debug;
		};
		6BFCB8EA191997570047BFE8 /* Release */ = {
			isa = XCBuildConfiguration;
			buildSettings = {
				BUNDLE_LOADER = "$(BUILT_PRODUCTS_DIR)/Rabbit-Attack.app/Rabbit-Attack";
				FRAMEWORK_SEARCH_PATHS = (
					"$(SDKROOT)/Developer/Library/Frameworks",
					"$(inherited)",
					"$(DEVELOPER_FRAMEWORKS_DIR)",
				);
				GCC_PRECOMPILE_PREFIX_HEADER = YES;
				GCC_PREFIX_HEADER = "Rabbit-Attack/Rabbit-Attack-Prefix.pch";
				INFOPLIST_FILE = "Rabbit-AttackTests/Rabbit-AttackTests-Info.plist";
				PRODUCT_NAME = "$(TARGET_NAME)";
				TEST_HOST = "$(BUNDLE_LOADER)";
				WRAPPER_EXTENSION = xctest;
			};
			name = Release;
		};
/* End XCBuildConfiguration section */

/* Begin XCConfigurationList section */
		6BFCB8A4191997560047BFE8 /* Build configuration list for PBXProject "Rabbit-Attack" */ = {
			isa = XCConfigurationList;
			buildConfigurations = (
				6BFCB8E3191997570047BFE8 /* Debug */,
				6BFCB8E4191997570047BFE8 /* Release */,
			);
			defaultConfigurationIsVisible = 0;
			defaultConfigurationName = Release;
		};
		6BFCB8E5191997570047BFE8 /* Build configuration list for PBXNativeTarget "Rabbit-Attack" */ = {
			isa = XCConfigurationList;
			buildConfigurations = (
				6BFCB8E6191997570047BFE8 /* Debug */,
				6BFCB8E7191997570047BFE8 /* Release */,
			);
			defaultConfigurationIsVisible = 0;
		};
		6BFCB8E8191997570047BFE8 /* Build configuration list for PBXNativeTarget "Rabbit-AttackTests" */ = {
			isa = XCConfigurationList;
			buildConfigurations = (
				6BFCB8E9191997570047BFE8 /* Debug */,
				6BFCB8EA191997570047BFE8 /* Release */,
			);
			defaultConfigurationIsVisible = 0;
		};
/* End XCConfigurationList section */
	};
	rootObject = 6BFCB8A1191997560047BFE8 /* Project object */;
}
